
Microsoft Visual Studio Solution File, Format Version 12.00
# Visual Studio Version 17
VisualStudioVersion = 17.7.34018.315
MinimumVisualStudioVersion = 10.0.40219.1
Project("{FAE04EC0-301F-11D3-BF4B-00C04F79EFBC}") = "Assignment2", "Assignment2\Assignment2.csproj", "{3EFEE5B7-FE3F-40A8-84CF-4068AD54DB86}"
EndProject
Global
	GlobalSection(SolutionConfigurationPlatforms) = preSolution
		Debug|Any CPU = Debug|Any CPU
		Release|Any CPU = Release|Any CPU
	EndGlobalSection
	GlobalSection(ProjectConfigurationPlatforms) = postSolution
		{3EFEE5B7-FE3F-40A8-84CF-4068AD54DB86}.Debug|Any CPU.ActiveCfg = Debug|Any CPU
		{3EFEE5B7-FE3F-40A8-84CF-4068AD54DB86}.Debug|Any CPU.Build.0 = Debug|Any CPU
		{3EFEE5B7-FE3F-40A8-84CF-4068AD54DB86}.Release|Any CPU.ActiveCfg = Release|Any CPU
		{3EFEE5B7-FE3F-40A8-84CF-4068AD54DB86}.Release|Any CPU.Build.0 = Release|Any CPU
	EndGlobalSection
	GlobalSection(SolutionProperties) = preSolution
		HideSolutionNode = FALSE
	EndGlobalSection
	GlobalSection(ExtensibilityGlobals) = postSolution
		SolutionGuid = {E8A8DDCB-3F67-41C5-A0C0-64FAF1FC847F}
	EndGlobalSection
EndGlobal
